// !$*UTF8*$!
{
	archiveVersion = 1;
	classes = {
	};
	objectVersion = 46;
	objects = {

/* Begin PBXBuildFile section */
		810C11C513D8892D002250AD /* Ebay.m in Sources */ = {isa = PBXBuildFile; fileRef = 810C11C413D8892D002250AD /* Ebay.m */; };
		8114C39513D2558F00057981 /* pantsblue@2x.png in Resources */ = {isa = PBXBuildFile; fileRef = 8114C38F13D2558F00057981 /* pantsblue@2x.png */; };
		8114C39613D2558F00057981 /* pantsgrey@2x.png in Resources */ = {isa = PBXBuildFile; fileRef = 8114C39013D2558F00057981 /* pantsgrey@2x.png */; };
		8114C39713D2558F00057981 /* pantssweat@2x.png in Resources */ = {isa = PBXBuildFile; fileRef = 8114C39113D2558F00057981 /* pantssweat@2x.png */; };
		8114C39813D2558F00057981 /* shirtblack@2x.png in Resources */ = {isa = PBXBuildFile; fileRef = 8114C39213D2558F00057981 /* shirtblack@2x.png */; };
		8114C39913D2558F00057981 /* shirtred@2x.png in Resources */ = {isa = PBXBuildFile; fileRef = 8114C39313D2558F00057981 /* shirtred@2x.png */; };
		8114C39A13D2558F00057981 /* shirtyellow@2x.png in Resources */ = {isa = PBXBuildFile; fileRef = 8114C39413D2558F00057981 /* shirtyellow@2x.png */; };
		8118E77913D3871C00664AEA /* Crittercism_v2_9_8.a in Frameworks */ = {isa = PBXBuildFile; fileRef = 8118E77813D3871C00664AEA /* Crittercism_v2_9_8.a */; };
		81AD2A1C13D3694B00FA5256 /* ebay@2x.png in Resources */ = {isa = PBXBuildFile; fileRef = 81AD2A1B13D3694B00FA5256 /* ebay@2x.png */; };
		81BA300F13D26B3400CA16A5 /* CoreLocation.framework in Frameworks */ = {isa = PBXBuildFile; fileRef = 81D564BE13D2668500000984 /* CoreLocation.framework */; };
		81BB906613D724B200FAF0B4 /* PrivateInfo in Resources */ = {isa = PBXBuildFile; fileRef = 81BB906513D724B200FAF0B4 /* PrivateInfo */; };
		81BB906C13D744D300FAF0B4 /* JSONLoader.m in Sources */ = {isa = PBXBuildFile; fileRef = 81BB906B13D744D300FAF0B4 /* JSONLoader.m */; };
		81D564B113D25EF700000984 /* icon.png in Resources */ = {isa = PBXBuildFile; fileRef = 81D564AF13D25EF700000984 /* icon.png */; };
		81D564B213D25EF700000984 /* icon@2x.png in Resources */ = {isa = PBXBuildFile; fileRef = 81D564B013D25EF700000984 /* icon@2x.png */; };
		81D564B813D265D800000984 /* btn-crittercism.png in Resources */ = {isa = PBXBuildFile; fileRef = 81D564B413D265D700000984 /* btn-crittercism.png */; };
		81D564B913D265D800000984 /* btn-crittercism-pressed.png in Resources */ = {isa = PBXBuildFile; fileRef = 81D564B513D265D700000984 /* btn-crittercism-pressed.png */; };
		81D564BA13D265D800000984 /* btn-crittercism-pressed@2x.png in Resources */ = {isa = PBXBuildFile; fileRef = 81D564B613D265D700000984 /* btn-crittercism-pressed@2x.png */; };
		81D564BB13D265D800000984 /* btn-crittercism@2x.png in Resources */ = {isa = PBXBuildFile; fileRef = 81D564B713D265D700000984 /* btn-crittercism@2x.png */; };
		81D564C113D2668E00000984 /* SystemConfiguration.framework in Frameworks */ = {isa = PBXBuildFile; fileRef = 81D564C013D2668E00000984 /* SystemConfiguration.framework */; };
		81D564C313D2669400000984 /* QuartzCore.framework in Frameworks */ = {isa = PBXBuildFile; fileRef = 81D564C213D2669400000984 /* QuartzCore.framework */; };
		81E3B17713D20F8B00C4EB57 /* UIKit.framework in Frameworks */ = {isa = PBXBuildFile; fileRef = 81E3B17613D20F8B00C4EB57 /* UIKit.framework */; };
		81E3B17913D20F8B00C4EB57 /* Foundation.framework in Frameworks */ = {isa = PBXBuildFile; fileRef = 81E3B17813D20F8B00C4EB57 /* Foundation.framework */; };
		81E3B17B13D20F8B00C4EB57 /* CoreGraphics.framework in Frameworks */ = {isa = PBXBuildFile; fileRef = 81E3B17A13D20F8B00C4EB57 /* CoreGraphics.framework */; };
		81E3B18113D20F8B00C4EB57 /* InfoPlist.strings in Resources */ = {isa = PBXBuildFile; fileRef = 81E3B17F13D20F8B00C4EB57 /* InfoPlist.strings */; };
		81E3B18313D20F8B00C4EB57 /* main.m in Sources */ = {isa = PBXBuildFile; fileRef = 81E3B18213D20F8B00C4EB57 /* main.m */; };
		81E3B18713D20F8B00C4EB57 /* ClotheMeAppDelegate.m in Sources */ = {isa = PBXBuildFile; fileRef = 81E3B18613D20F8B00C4EB57 /* ClotheMeAppDelegate.m */; };
		81E3B18913D20F8B00C4EB57 /* ClotheMeViewController.h in Resources */ = {isa = PBXBuildFile; fileRef = 81E3B18813D20F8B00C4EB57 /* ClotheMeViewController.h */; };
		81E3B18B13D20F8B00C4EB57 /* ClotheMeViewController.m in Sources */ = {isa = PBXBuildFile; fileRef = 81E3B18A13D20F8B00C4EB57 /* ClotheMeViewController.m */; };
		81E3B18E13D20F8B00C4EB57 /* ClotheMeViewController.xib in Resources */ = {isa = PBXBuildFile; fileRef = 81E3B18C13D20F8B00C4EB57 /* ClotheMeViewController.xib */; };
		81E3B19613D2106500C4EB57 /* ShirtViewController.m in Sources */ = {isa = PBXBuildFile; fileRef = 81E3B19513D2106500C4EB57 /* ShirtViewController.m */; };
		84C1E2FB13D325F700E03A64 /* crittercism-arrow-l.png in Resources */ = {isa = PBXBuildFile; fileRef = 84C1E2B113D325F700E03A64 /* crittercism-arrow-l.png */; };
		84C1E2FC13D325F700E03A64 /* crittercism-arrow-l@2x.png in Resources */ = {isa = PBXBuildFile; fileRef = 84C1E2B213D325F700E03A64 /* crittercism-arrow-l@2x.png */; };
		84C1E2FD13D325F700E03A64 /* crittercism-arrow-left-gray-border.png in Resources */ = {isa = PBXBuildFile; fileRef = 84C1E2B313D325F700E03A64 /* crittercism-arrow-left-gray-border.png */; };
		84C1E2FE13D325F700E03A64 /* crittercism-arrow-left-no-border.png in Resources */ = {isa = PBXBuildFile; fileRef = 84C1E2B413D325F700E03A64 /* crittercism-arrow-left-no-border.png */; };
		84C1E2FF13D325F700E03A64 /* crittercism-arrow-left.png in Resources */ = {isa = PBXBuildFile; fileRef = 84C1E2B513D325F700E03A64 /* crittercism-arrow-left.png */; };
		84C1E30013D325F700E03A64 /* crittercism-arrow-let-no-border.png in Resources */ = {isa = PBXBuildFile; fileRef = 84C1E2B613D325F700E03A64 /* crittercism-arrow-let-no-border.png */; };
		84C1E30113D325F700E03A64 /* crittercism-arrow-r.png in Resources */ = {isa = PBXBuildFile; fileRef = 84C1E2B713D325F700E03A64 /* crittercism-arrow-r.png */; };
		84C1E30213D325F700E03A64 /* crittercism-arrow-r@2x.png in Resources */ = {isa = PBXBuildFile; fileRef = 84C1E2B813D325F700E03A64 /* crittercism-arrow-r@2x.png */; };
		84C1E30313D325F700E03A64 /* crittercism-arrow-right-green-border.png in Resources */ = {isa = PBXBuildFile; fileRef = 84C1E2B913D325F700E03A64 /* crittercism-arrow-right-green-border.png */; };
		84C1E30413D325F700E03A64 /* crittercism-arrow-right-no-border.png in Resources */ = {isa = PBXBuildFile; fileRef = 84C1E2BA13D325F700E03A64 /* crittercism-arrow-right-no-border.png */; };
		84C1E30513D325F700E03A64 /* crittercism-avatar-default.png in Resources */ = {isa = PBXBuildFile; fileRef = 84C1E2BB13D325F700E03A64 /* crittercism-avatar-default.png */; };
		84C1E30613D325F700E03A64 /* crittercism-avatar-us.png in Resources */ = {isa = PBXBuildFile; fileRef = 84C1E2BC13D325F700E03A64 /* crittercism-avatar-us.png */; };
		84C1E30713D325F700E03A64 /* crittercism-bg-00.png in Resources */ = {isa = PBXBuildFile; fileRef = 84C1E2BD13D325F700E03A64 /* crittercism-bg-00.png */; };
		84C1E30813D325F700E03A64 /* crittercism-bg-categorize-as.png in Resources */ = {isa = PBXBuildFile; fileRef = 84C1E2BE13D325F700E03A64 /* crittercism-bg-categorize-as.png */; };
		84C1E30913D325F700E03A64 /* crittercism-bg-edit-form.png in Resources */ = {isa = PBXBuildFile; fileRef = 84C1E2BF13D325F700E03A64 /* crittercism-bg-edit-form.png */; };
		84C1E30A13D325F700E03A64 /* crittercism-bg-edit-form@2x~iphone.png in Resources */ = {isa = PBXBuildFile; fileRef = 84C1E2C013D325F700E03A64 /* crittercism-bg-edit-form@2x~iphone.png */; };
		84C1E30B13D325F700E03A64 /* crittercism-bg-inactive-overlay.png in Resources */ = {isa = PBXBuildFile; fileRef = 84C1E2C113D325F700E03A64 /* crittercism-bg-inactive-overlay.png */; };
		84C1E30C13D325F700E03A64 /* crittercism-bg-reply-to.png in Resources */ = {isa = PBXBuildFile; fileRef = 84C1E2C213D325F700E03A64 /* crittercism-bg-reply-to.png */; };
		84C1E30D13D325F700E03A64 /* crittercism-btn-add-comment-sel.png in Resources */ = {isa = PBXBuildFile; fileRef = 84C1E2C313D325F700E03A64 /* crittercism-btn-add-comment-sel.png */; };
		84C1E30E13D325F700E03A64 /* crittercism-btn-add-comment.png in Resources */ = {isa = PBXBuildFile; fileRef = 84C1E2C413D325F700E03A64 /* crittercism-btn-add-comment.png */; };
		84C1E30F13D325F700E03A64 /* crittercism-btn-cancel.png in Resources */ = {isa = PBXBuildFile; fileRef = 84C1E2C513D325F700E03A64 /* crittercism-btn-cancel.png */; };
		84C1E31013D325F700E03A64 /* crittercism-btn-close.png in Resources */ = {isa = PBXBuildFile; fileRef = 84C1E2C613D325F700E03A64 /* crittercism-btn-close.png */; };
		84C1E31113D325F700E03A64 /* crittercism-btn-submit.png in Resources */ = {isa = PBXBuildFile; fileRef = 84C1E2C713D325F700E03A64 /* crittercism-btn-submit.png */; };
		84C1E31213D325F700E03A64 /* crittercism-btn-thumbs-dn-default.png in Resources */ = {isa = PBXBuildFile; fileRef = 84C1E2C813D325F700E03A64 /* crittercism-btn-thumbs-dn-default.png */; };
		84C1E31313D325F700E03A64 /* crittercism-btn-thumbs-dn-voted.png in Resources */ = {isa = PBXBuildFile; fileRef = 84C1E2C913D325F700E03A64 /* crittercism-btn-thumbs-dn-voted.png */; };
		84C1E31413D325F700E03A64 /* crittercism-btn-thumbs-up-default.png in Resources */ = {isa = PBXBuildFile; fileRef = 84C1E2CA13D325F700E03A64 /* crittercism-btn-thumbs-up-default.png */; };
		84C1E31513D325F700E03A64 /* crittercism-btn-thumbs-up-pressed.png in Resources */ = {isa = PBXBuildFile; fileRef = 84C1E2CB13D325F700E03A64 /* crittercism-btn-thumbs-up-pressed.png */; };
		84C1E31613D325F700E03A64 /* crittercism-btn-thumbs-up-pressed@2x.png in Resources */ = {isa = PBXBuildFile; fileRef = 84C1E2CC13D325F700E03A64 /* crittercism-btn-thumbs-up-pressed@2x.png */; };
		84C1E31713D325F700E03A64 /* crittercism-btn-thumbs-up-voted.png in Resources */ = {isa = PBXBuildFile; fileRef = 84C1E2CD13D325F700E03A64 /* crittercism-btn-thumbs-up-voted.png */; };
		84C1E31813D325F700E03A64 /* crittercism-btn-thumbs-up.png in Resources */ = {isa = PBXBuildFile; fileRef = 84C1E2CE13D325F700E03A64 /* crittercism-btn-thumbs-up.png */; };
		84C1E31913D325F700E03A64 /* crittercism-btn-thumbs-up@2x.png in Resources */ = {isa = PBXBuildFile; fileRef = 84C1E2CF13D325F700E03A64 /* crittercism-btn-thumbs-up@2x.png */; };
		84C1E31A13D325F700E03A64 /* crittercism-bug.png in Resources */ = {isa = PBXBuildFile; fileRef = 84C1E2D013D325F700E03A64 /* crittercism-bug.png */; };
		84C1E31B13D325F700E03A64 /* crittercism-checkbox-checked.png in Resources */ = {isa = PBXBuildFile; fileRef = 84C1E2D113D325F700E03A64 /* crittercism-checkbox-checked.png */; };
		84C1E31C13D325F700E03A64 /* crittercism-checkbox-unchecked.png in Resources */ = {isa = PBXBuildFile; fileRef = 84C1E2D213D325F700E03A64 /* crittercism-checkbox-unchecked.png */; };
		84C1E31D13D325F700E03A64 /* crittercism-dev-profile-halfsize.png in Resources */ = {isa = PBXBuildFile; fileRef = 84C1E2D313D325F700E03A64 /* crittercism-dev-profile-halfsize.png */; };
		84C1E31E13D325F700E03A64 /* crittercism-dev-profile-halfsize@2x.png in Resources */ = {isa = PBXBuildFile; fileRef = 84C1E2D413D325F700E03A64 /* crittercism-dev-profile-halfsize@2x.png */; };
		84C1E31F13D325F700E03A64 /* crittercism-feedback-forum-bg-gradient.png in Resources */ = {isa = PBXBuildFile; fileRef = 84C1E2D513D325F700E03A64 /* crittercism-feedback-forum-bg-gradient.png */; };
		84C1E32013D325F700E03A64 /* crittercism-gray.png in Resources */ = {isa = PBXBuildFile; fileRef = 84C1E2D613D325F700E03A64 /* crittercism-gray.png */; };
		84C1E32113D325F700E03A64 /* crittercism-green.png in Resources */ = {isa = PBXBuildFile; fileRef = 84C1E2D713D325F700E03A64 /* crittercism-green.png */; };
		84C1E32213D325F700E03A64 /* crittercism-hamster-ftw.png in Resources */ = {isa = PBXBuildFile; fileRef = 84C1E2D813D325F700E03A64 /* crittercism-hamster-ftw.png */; };
		84C1E32313D325F700E03A64 /* crittercism-hamster-twitter.png in Resources */ = {isa = PBXBuildFile; fileRef = 84C1E2D913D325F700E03A64 /* crittercism-hamster-twitter.png */; };
		84C1E32413D325F700E03A64 /* crittercism-hamster.png in Resources */ = {isa = PBXBuildFile; fileRef = 84C1E2DA13D325F700E03A64 /* crittercism-hamster.png */; };
		84C1E32513D325F700E03A64 /* crittercism-icon-cat-idea.png in Resources */ = {isa = PBXBuildFile; fileRef = 84C1E2DB13D325F700E03A64 /* crittercism-icon-cat-idea.png */; };
		84C1E32613D325F700E03A64 /* crittercism-icon-cat-idea@2x.png in Resources */ = {isa = PBXBuildFile; fileRef = 84C1E2DC13D325F700E03A64 /* crittercism-icon-cat-idea@2x.png */; };
		84C1E32713D325F700E03A64 /* crittercism-icon-cat-love.png in Resources */ = {isa = PBXBuildFile; fileRef = 84C1E2DD13D325F700E03A64 /* crittercism-icon-cat-love.png */; };
		84C1E32813D325F700E03A64 /* crittercism-icon-cat-love@2x.png in Resources */ = {isa = PBXBuildFile; fileRef = 84C1E2DE13D325F700E03A64 /* crittercism-icon-cat-love@2x.png */; };
		84C1E32913D325F700E03A64 /* crittercism-icon-cat-problem.png in Resources */ = {isa = PBXBuildFile; fileRef = 84C1E2DF13D325F700E03A64 /* crittercism-icon-cat-problem.png */; };
		84C1E32A13D325F700E03A64 /* crittercism-icon-cat-problem@2x.png in Resources */ = {isa = PBXBuildFile; fileRef = 84C1E2E013D325F700E03A64 /* crittercism-icon-cat-problem@2x.png */; };
		84C1E32B13D325F700E03A64 /* crittercism-icon-cat-question.png in Resources */ = {isa = PBXBuildFile; fileRef = 84C1E2E113D325F700E03A64 /* crittercism-icon-cat-question.png */; };
		84C1E32C13D325F700E03A64 /* crittercism-icon-cat-question@2x.png in Resources */ = {isa = PBXBuildFile; fileRef = 84C1E2E213D325F700E03A64 /* crittercism-icon-cat-question@2x.png */; };
		84C1E32D13D325F700E03A64 /* crittercism-icon-tab-01.png in Resources */ = {isa = PBXBuildFile; fileRef = 84C1E2E313D325F700E03A64 /* crittercism-icon-tab-01.png */; };
		84C1E32E13D325F700E03A64 /* crittercism-idea.png in Resources */ = {isa = PBXBuildFile; fileRef = 84C1E2E413D325F700E03A64 /* crittercism-idea.png */; };
		84C1E32F13D325F700E03A64 /* crittercism-love.png in Resources */ = {isa = PBXBuildFile; fileRef = 84C1E2E513D325F700E03A64 /* crittercism-love.png */; };
		84C1E33013D325F700E03A64 /* crittercism-other.png in Resources */ = {isa = PBXBuildFile; fileRef = 84C1E2E613D325F700E03A64 /* crittercism-other.png */; };
		84C1E33113D325F700E03A64 /* crittercism-question.png in Resources */ = {isa = PBXBuildFile; fileRef = 84C1E2E713D325F700E03A64 /* crittercism-question.png */; };
		84C1E33213D325F700E03A64 /* crittercism-tab-icon@1x~iphone.png in Resources */ = {isa = PBXBuildFile; fileRef = 84C1E2E813D325F700E03A64 /* crittercism-tab-icon@1x~iphone.png */; };
		84C1E33313D325F700E03A64 /* crittercism-tab-icon@2x~ipad.png in Resources */ = {isa = PBXBuildFile; fileRef = 84C1E2E913D325F700E03A64 /* crittercism-tab-icon@2x~ipad.png */; };
		84C1E33413D325F700E03A64 /* crittercism-title-bar.png in Resources */ = {isa = PBXBuildFile; fileRef = 84C1E2EA13D325F700E03A64 /* crittercism-title-bar.png */; };
		84C1E33513D325F700E03A64 /* crittercism-user-arrow-l.png in Resources */ = {isa = PBXBuildFile; fileRef = 84C1E2EB13D325F700E03A64 /* crittercism-user-arrow-l.png */; };
		84C1E33613D325F700E03A64 /* crittercism-user-arrow-l@2x.png in Resources */ = {isa = PBXBuildFile; fileRef = 84C1E2EC13D325F700E03A64 /* crittercism-user-arrow-l@2x.png */; };
		84C1E33713D325F700E03A64 /* crittercism-user-profile-halfsize.png in Resources */ = {isa = PBXBuildFile; fileRef = 84C1E2ED13D325F700E03A64 /* crittercism-user-profile-halfsize.png */; };
		84C1E33813D325F700E03A64 /* crittercism-user-profile.png in Resources */ = {isa = PBXBuildFile; fileRef = 84C1E2EE13D325F700E03A64 /* crittercism-user-profile.png */; };
		84C1E33913D325F700E03A64 /* crittercism-user-profile@2x.png in Resources */ = {isa = PBXBuildFile; fileRef = 84C1E2EF13D325F700E03A64 /* crittercism-user-profile@2x.png */; };
		84C1E33A13D325F700E03A64 /* crittercism-votesLeftButton.png in Resources */ = {isa = PBXBuildFile; fileRef = 84C1E2F013D325F700E03A64 /* crittercism-votesLeftButton.png */; };
		84C1E33B13D325F700E03A64 /* crittercism_icon.png in Resources */ = {isa = PBXBuildFile; fileRef = 84C1E2F113D325F700E03A64 /* crittercism_icon.png */; };
		84C1E33C13D325F700E03A64 /* CrittercismAboutViewController.xib in Resources */ = {isa = PBXBuildFile; fileRef = 84C1E2F313D325F700E03A64 /* CrittercismAboutViewController.xib */; };
		84C1E33D13D325F700E03A64 /* CrittercismAddCommentViewController.xib in Resources */ = {isa = PBXBuildFile; fileRef = 84C1E2F413D325F700E03A64 /* CrittercismAddCommentViewController.xib */; };
		84C1E33E13D325F700E03A64 /* CrittercismAddViewController.xib in Resources */ = {isa = PBXBuildFile; fileRef = 84C1E2F513D325F700E03A64 /* CrittercismAddViewController.xib */; };
		84C1E33F13D325F700E03A64 /* CrittercismCell.xib in Resources */ = {isa = PBXBuildFile; fileRef = 84C1E2F613D325F700E03A64 /* CrittercismCell.xib */; };
		84C1E34013D325F700E03A64 /* CrittercismDescriptionViewController.xib in Resources */ = {isa = PBXBuildFile; fileRef = 84C1E2F713D325F700E03A64 /* CrittercismDescriptionViewController.xib */; };
		84C1E34113D325F700E03A64 /* CrittercismRootViewController.xib in Resources */ = {isa = PBXBuildFile; fileRef = 84C1E2F813D325F700E03A64 /* CrittercismRootViewController.xib */; };
		84C1E34213D325F700E03A64 /* CrittercismViewController.xib in Resources */ = {isa = PBXBuildFile; fileRef = 84C1E2F913D325F700E03A64 /* CrittercismViewController.xib */; };
/* End PBXBuildFile section */

/* Begin PBXFileReference section */
		810C11C313D8892D002250AD /* Ebay.h */ = {isa = PBXFileReference; fileEncoding = 4; lastKnownFileType = sourcecode.c.h; path = Ebay.h; sourceTree = "<group>"; };
		810C11C413D8892D002250AD /* Ebay.m */ = {isa = PBXFileReference; fileEncoding = 4; lastKnownFileType = sourcecode.c.objc; path = Ebay.m; sourceTree = "<group>"; };
		8114C38F13D2558F00057981 /* pantsblue@2x.png */ = {isa = PBXFileReference; lastKnownFileType = image.png; path = "pantsblue@2x.png"; sourceTree = "<group>"; };
		8114C39013D2558F00057981 /* pantsgrey@2x.png */ = {isa = PBXFileReference; lastKnownFileType = image.png; path = "pantsgrey@2x.png"; sourceTree = "<group>"; };
		8114C39113D2558F00057981 /* pantssweat@2x.png */ = {isa = PBXFileReference; lastKnownFileType = image.png; path = "pantssweat@2x.png"; sourceTree = "<group>"; };
		8114C39213D2558F00057981 /* shirtblack@2x.png */ = {isa = PBXFileReference; lastKnownFileType = image.png; path = "shirtblack@2x.png"; sourceTree = "<group>"; };
		8114C39313D2558F00057981 /* shirtred@2x.png */ = {isa = PBXFileReference; lastKnownFileType = image.png; path = "shirtred@2x.png"; sourceTree = "<group>"; };
		8114C39413D2558F00057981 /* shirtyellow@2x.png */ = {isa = PBXFileReference; lastKnownFileType = image.png; path = "shirtyellow@2x.png"; sourceTree = "<group>"; };
		8118E77813D3871C00664AEA /* Crittercism_v2_9_8.a */ = {isa = PBXFileReference; lastKnownFileType = archive.ar; path = Crittercism_v2_9_8.a; sourceTree = "<group>"; };
		81AD2A1B13D3694B00FA5256 /* ebay@2x.png */ = {isa = PBXFileReference; lastKnownFileType = image.png; path = "ebay@2x.png"; sourceTree = "<group>"; };
		81BB906513D724B200FAF0B4 /* PrivateInfo */ = {isa = PBXFileReference; lastKnownFileType = folder; path = PrivateInfo; sourceTree = "<group>"; };
		81BB906A13D744D200FAF0B4 /* JSONLoader.h */ = {isa = PBXFileReference; fileEncoding = 4; lastKnownFileType = sourcecode.c.h; path = JSONLoader.h; sourceTree = "<group>"; };
		81BB906B13D744D300FAF0B4 /* JSONLoader.m */ = {isa = PBXFileReference; fileEncoding = 4; lastKnownFileType = sourcecode.c.objc; path = JSONLoader.m; sourceTree = "<group>"; };
		81D564AF13D25EF700000984 /* icon.png */ = {isa = PBXFileReference; lastKnownFileType = image.png; path = icon.png; sourceTree = "<group>"; };
		81D564B013D25EF700000984 /* icon@2x.png */ = {isa = PBXFileReference; lastKnownFileType = image.png; path = "icon@2x.png"; sourceTree = "<group>"; };
		81D564B413D265D700000984 /* btn-crittercism.png */ = {isa = PBXFileReference; lastKnownFileType = image.png; path = "btn-crittercism.png"; sourceTree = "<group>"; };
		81D564B513D265D700000984 /* btn-crittercism-pressed.png */ = {isa = PBXFileReference; lastKnownFileType = image.png; path = "btn-crittercism-pressed.png"; sourceTree = "<group>"; };
		81D564B613D265D700000984 /* btn-crittercism-pressed@2x.png */ = {isa = PBXFileReference; lastKnownFileType = image.png; path = "btn-crittercism-pressed@2x.png"; sourceTree = "<group>"; };
		81D564B713D265D700000984 /* btn-crittercism@2x.png */ = {isa = PBXFileReference; lastKnownFileType = image.png; path = "btn-crittercism@2x.png"; sourceTree = "<group>"; };
		81D564BE13D2668500000984 /* CoreLocation.framework */ = {isa = PBXFileReference; lastKnownFileType = wrapper.framework; name = CoreLocation.framework; path = System/Library/Frameworks/CoreLocation.framework; sourceTree = SDKROOT; };
		81D564C013D2668E00000984 /* SystemConfiguration.framework */ = {isa = PBXFileReference; lastKnownFileType = wrapper.framework; name = SystemConfiguration.framework; path = System/Library/Frameworks/SystemConfiguration.framework; sourceTree = SDKROOT; };
		81D564C213D2669400000984 /* QuartzCore.framework */ = {isa = PBXFileReference; lastKnownFileType = wrapper.framework; name = QuartzCore.framework; path = System/Library/Frameworks/QuartzCore.framework; sourceTree = SDKROOT; };
		81E3B17213D20F8B00C4EB57 /* ClotheMe.app */ = {isa = PBXFileReference; explicitFileType = wrapper.application; includeInIndex = 0; path = ClotheMe.app; sourceTree = BUILT_PRODUCTS_DIR; };
		81E3B17613D20F8B00C4EB57 /* UIKit.framework */ = {isa = PBXFileReference; lastKnownFileType = wrapper.framework; name = UIKit.framework; path = System/Library/Frameworks/UIKit.framework; sourceTree = SDKROOT; };
		81E3B17813D20F8B00C4EB57 /* Foundation.framework */ = {isa = PBXFileReference; lastKnownFileType = wrapper.framework; name = Foundation.framework; path = System/Library/Frameworks/Foundation.framework; sourceTree = SDKROOT; };
		81E3B17A13D20F8B00C4EB57 /* CoreGraphics.framework */ = {isa = PBXFileReference; lastKnownFileType = wrapper.framework; name = CoreGraphics.framework; path = System/Library/Frameworks/CoreGraphics.framework; sourceTree = SDKROOT; };
		81E3B17E13D20F8B00C4EB57 /* ClotheMe-Info.plist */ = {isa = PBXFileReference; lastKnownFileType = text.plist.xml; path = "ClotheMe-Info.plist"; sourceTree = "<group>"; };
		81E3B18013D20F8B00C4EB57 /* en */ = {isa = PBXFileReference; lastKnownFileType = text.plist.strings; name = en; path = en.lproj/InfoPlist.strings; sourceTree = "<group>"; };
		81E3B18213D20F8B00C4EB57 /* main.m */ = {isa = PBXFileReference; lastKnownFileType = sourcecode.c.objc; path = main.m; sourceTree = "<group>"; };
		81E3B18413D20F8B00C4EB57 /* ClotheMe-Prefix.pch */ = {isa = PBXFileReference; lastKnownFileType = sourcecode.c.h; path = "ClotheMe-Prefix.pch"; sourceTree = "<group>"; };
		81E3B18513D20F8B00C4EB57 /* ClotheMeAppDelegate.h */ = {isa = PBXFileReference; lastKnownFileType = sourcecode.c.h; path = ClotheMeAppDelegate.h; sourceTree = "<group>"; };
		81E3B18613D20F8B00C4EB57 /* ClotheMeAppDelegate.m */ = {isa = PBXFileReference; lastKnownFileType = sourcecode.c.objc; path = ClotheMeAppDelegate.m; sourceTree = "<group>"; };
		81E3B18813D20F8B00C4EB57 /* ClotheMeViewController.h */ = {isa = PBXFileReference; lastKnownFileType = sourcecode.c.h; path = ClotheMeViewController.h; sourceTree = "<group>"; };
		81E3B18A13D20F8B00C4EB57 /* ClotheMeViewController.m */ = {isa = PBXFileReference; lastKnownFileType = sourcecode.c.objc; path = ClotheMeViewController.m; sourceTree = "<group>"; };
		81E3B18D13D20F8B00C4EB57 /* en */ = {isa = PBXFileReference; lastKnownFileType = file.xib; name = en; path = en.lproj/ClotheMeViewController.xib; sourceTree = "<group>"; };
		81E3B19413D2106500C4EB57 /* ShirtViewController.h */ = {isa = PBXFileReference; fileEncoding = 4; lastKnownFileType = sourcecode.c.h; path = ShirtViewController.h; sourceTree = "<group>"; };
		81E3B19513D2106500C4EB57 /* ShirtViewController.m */ = {isa = PBXFileReference; fileEncoding = 4; lastKnownFileType = sourcecode.c.objc; path = ShirtViewController.m; sourceTree = "<group>"; };
		84C1E29A13D325F700E03A64 /* Crittercism.h */ = {isa = PBXFileReference; fileEncoding = 4; lastKnownFileType = sourcecode.c.h; path = Crittercism.h; sourceTree = "<group>"; };
		84C1E29C13D325F700E03A64 /* CrittercismAboutViewController.h */ = {isa = PBXFileReference; fileEncoding = 4; lastKnownFileType = sourcecode.c.h; path = CrittercismAboutViewController.h; sourceTree = "<group>"; };
		84C1E29D13D325F700E03A64 /* CrittercismAddCommentViewController.h */ = {isa = PBXFileReference; fileEncoding = 4; lastKnownFileType = sourcecode.c.h; path = CrittercismAddCommentViewController.h; sourceTree = "<group>"; };
		84C1E29E13D325F700E03A64 /* CrittercismAddViewController.h */ = {isa = PBXFileReference; fileEncoding = 4; lastKnownFileType = sourcecode.c.h; path = CrittercismAddViewController.h; sourceTree = "<group>"; };
		84C1E29F13D325F700E03A64 /* CrittercismDescriptionViewController.h */ = {isa = PBXFileReference; fileEncoding = 4; lastKnownFileType = sourcecode.c.h; path = CrittercismDescriptionViewController.h; sourceTree = "<group>"; };
		84C1E2A113D325F700E03A64 /* CrittercismCDataScanner.h */ = {isa = PBXFileReference; fileEncoding = 4; lastKnownFileType = sourcecode.c.h; path = CrittercismCDataScanner.h; sourceTree = "<group>"; };
		84C1E2A213D325F700E03A64 /* CrittercismCDataScanner_Extensions.h */ = {isa = PBXFileReference; fileEncoding = 4; lastKnownFileType = sourcecode.c.h; path = CrittercismCDataScanner_Extensions.h; sourceTree = "<group>"; };
		84C1E2A313D325F700E03A64 /* CrittercismCJSONDeserializer.h */ = {isa = PBXFileReference; fileEncoding = 4; lastKnownFileType = sourcecode.c.h; path = CrittercismCJSONDeserializer.h; sourceTree = "<group>"; };
		84C1E2A413D325F700E03A64 /* CrittercismCJSONScanner.h */ = {isa = PBXFileReference; fileEncoding = 4; lastKnownFileType = sourcecode.c.h; path = CrittercismCJSONScanner.h; sourceTree = "<group>"; };
		84C1E2A513D325F700E03A64 /* CrittercismCJSONSerializer.h */ = {isa = PBXFileReference; fileEncoding = 4; lastKnownFileType = sourcecode.c.h; path = CrittercismCJSONSerializer.h; sourceTree = "<group>"; };
		84C1E2A613D325F700E03A64 /* CrittercismCSerializedJSONData.h */ = {isa = PBXFileReference; fileEncoding = 4; lastKnownFileType = sourcecode.c.h; path = CrittercismCSerializedJSONData.h; sourceTree = "<group>"; };
		84C1E2A713D325F700E03A64 /* CrittercismNSCharacterSet_Extensions.h */ = {isa = PBXFileReference; fileEncoding = 4; lastKnownFileType = sourcecode.c.h; path = CrittercismNSCharacterSet_Extensions.h; sourceTree = "<group>"; };
		84C1E2A813D325F700E03A64 /* CrittercismNSDictionary_JSONExtensions.h */ = {isa = PBXFileReference; fileEncoding = 4; lastKnownFileType = sourcecode.c.h; path = CrittercismNSDictionary_JSONExtensions.h; sourceTree = "<group>"; };
		84C1E2A913D325F700E03A64 /* CrittercismNSScanner_Extensions.h */ = {isa = PBXFileReference; fileEncoding = 4; lastKnownFileType = sourcecode.c.h; path = CrittercismNSScanner_Extensions.h; sourceTree = "<group>"; };
		84C1E2AA13D325F700E03A64 /* CrittercismNavigationView.h */ = {isa = PBXFileReference; fileEncoding = 4; lastKnownFileType = sourcecode.c.h; path = CrittercismNavigationView.h; sourceTree = "<group>"; };
		84C1E2AB13D325F700E03A64 /* CrittercismReachability.h */ = {isa = PBXFileReference; fileEncoding = 4; lastKnownFileType = sourcecode.c.h; path = CrittercismReachability.h; sourceTree = "<group>"; };
		84C1E2AC13D325F700E03A64 /* CrittercismRootViewController.h */ = {isa = PBXFileReference; fileEncoding = 4; lastKnownFileType = sourcecode.c.h; path = CrittercismRootViewController.h; sourceTree = "<group>"; };
		84C1E2AD13D325F700E03A64 /* CrittercismUIAlertPrompt.h */ = {isa = PBXFileReference; fileEncoding = 4; lastKnownFileType = sourcecode.c.h; path = CrittercismUIAlertPrompt.h; sourceTree = "<group>"; };
		84C1E2AE13D325F700E03A64 /* CrittercismViewController.h */ = {isa = PBXFileReference; fileEncoding = 4; lastKnownFileType = sourcecode.c.h; path = CrittercismViewController.h; sourceTree = "<group>"; };
		84C1E2B113D325F700E03A64 /* crittercism-arrow-l.png */ = {isa = PBXFileReference; lastKnownFileType = image.png; path = "crittercism-arrow-l.png"; sourceTree = "<group>"; };
		84C1E2B213D325F700E03A64 /* crittercism-arrow-l@2x.png */ = {isa = PBXFileReference; lastKnownFileType = image.png; path = "crittercism-arrow-l@2x.png"; sourceTree = "<group>"; };
		84C1E2B313D325F700E03A64 /* crittercism-arrow-left-gray-border.png */ = {isa = PBXFileReference; lastKnownFileType = image.png; path = "crittercism-arrow-left-gray-border.png"; sourceTree = "<group>"; };
		84C1E2B413D325F700E03A64 /* crittercism-arrow-left-no-border.png */ = {isa = PBXFileReference; lastKnownFileType = image.png; path = "crittercism-arrow-left-no-border.png"; sourceTree = "<group>"; };
		84C1E2B513D325F700E03A64 /* crittercism-arrow-left.png */ = {isa = PBXFileReference; lastKnownFileType = image.png; path = "crittercism-arrow-left.png"; sourceTree = "<group>"; };
		84C1E2B613D325F700E03A64 /* crittercism-arrow-let-no-border.png */ = {isa = PBXFileReference; lastKnownFileType = image.png; path = "crittercism-arrow-let-no-border.png"; sourceTree = "<group>"; };
		84C1E2B713D325F700E03A64 /* crittercism-arrow-r.png */ = {isa = PBXFileReference; lastKnownFileType = image.png; path = "crittercism-arrow-r.png"; sourceTree = "<group>"; };
		84C1E2B813D325F700E03A64 /* crittercism-arrow-r@2x.png */ = {isa = PBXFileReference; lastKnownFileType = image.png; path = "crittercism-arrow-r@2x.png"; sourceTree = "<group>"; };
		84C1E2B913D325F700E03A64 /* crittercism-arrow-right-green-border.png */ = {isa = PBXFileReference; lastKnownFileType = image.png; path = "crittercism-arrow-right-green-border.png"; sourceTree = "<group>"; };
		84C1E2BA13D325F700E03A64 /* crittercism-arrow-right-no-border.png */ = {isa = PBXFileReference; lastKnownFileType = image.png; path = "crittercism-arrow-right-no-border.png"; sourceTree = "<group>"; };
		84C1E2BB13D325F700E03A64 /* crittercism-avatar-default.png */ = {isa = PBXFileReference; lastKnownFileType = image.png; path = "crittercism-avatar-default.png"; sourceTree = "<group>"; };
		84C1E2BC13D325F700E03A64 /* crittercism-avatar-us.png */ = {isa = PBXFileReference; lastKnownFileType = image.png; path = "crittercism-avatar-us.png"; sourceTree = "<group>"; };
		84C1E2BD13D325F700E03A64 /* crittercism-bg-00.png */ = {isa = PBXFileReference; lastKnownFileType = image.png; path = "crittercism-bg-00.png"; sourceTree = "<group>"; };
		84C1E2BE13D325F700E03A64 /* crittercism-bg-categorize-as.png */ = {isa = PBXFileReference; lastKnownFileType = image.png; path = "crittercism-bg-categorize-as.png"; sourceTree = "<group>"; };
		84C1E2BF13D325F700E03A64 /* crittercism-bg-edit-form.png */ = {isa = PBXFileReference; lastKnownFileType = image.png; path = "crittercism-bg-edit-form.png"; sourceTree = "<group>"; };
		84C1E2C013D325F700E03A64 /* crittercism-bg-edit-form@2x~iphone.png */ = {isa = PBXFileReference; lastKnownFileType = image.png; path = "crittercism-bg-edit-form@2x~iphone.png"; sourceTree = "<group>"; };
		84C1E2C113D325F700E03A64 /* crittercism-bg-inactive-overlay.png */ = {isa = PBXFileReference; lastKnownFileType = image.png; path = "crittercism-bg-inactive-overlay.png"; sourceTree = "<group>"; };
		84C1E2C213D325F700E03A64 /* crittercism-bg-reply-to.png */ = {isa = PBXFileReference; lastKnownFileType = image.png; path = "crittercism-bg-reply-to.png"; sourceTree = "<group>"; };
		84C1E2C313D325F700E03A64 /* crittercism-btn-add-comment-sel.png */ = {isa = PBXFileReference; lastKnownFileType = image.png; path = "crittercism-btn-add-comment-sel.png"; sourceTree = "<group>"; };
		84C1E2C413D325F700E03A64 /* crittercism-btn-add-comment.png */ = {isa = PBXFileReference; lastKnownFileType = image.png; path = "crittercism-btn-add-comment.png"; sourceTree = "<group>"; };
		84C1E2C513D325F700E03A64 /* crittercism-btn-cancel.png */ = {isa = PBXFileReference; lastKnownFileType = image.png; path = "crittercism-btn-cancel.png"; sourceTree = "<group>"; };
		84C1E2C613D325F700E03A64 /* crittercism-btn-close.png */ = {isa = PBXFileReference; lastKnownFileType = image.png; path = "crittercism-btn-close.png"; sourceTree = "<group>"; };
		84C1E2C713D325F700E03A64 /* crittercism-btn-submit.png */ = {isa = PBXFileReference; lastKnownFileType = image.png; path = "crittercism-btn-submit.png"; sourceTree = "<group>"; };
		84C1E2C813D325F700E03A64 /* crittercism-btn-thumbs-dn-default.png */ = {isa = PBXFileReference; lastKnownFileType = image.png; path = "crittercism-btn-thumbs-dn-default.png"; sourceTree = "<group>"; };
		84C1E2C913D325F700E03A64 /* crittercism-btn-thumbs-dn-voted.png */ = {isa = PBXFileReference; lastKnownFileType = image.png; path = "crittercism-btn-thumbs-dn-voted.png"; sourceTree = "<group>"; };
		84C1E2CA13D325F700E03A64 /* crittercism-btn-thumbs-up-default.png */ = {isa = PBXFileReference; lastKnownFileType = image.png; path = "crittercism-btn-thumbs-up-default.png"; sourceTree = "<group>"; };
		84C1E2CB13D325F700E03A64 /* crittercism-btn-thumbs-up-pressed.png */ = {isa = PBXFileReference; lastKnownFileType = image.png; path = "crittercism-btn-thumbs-up-pressed.png"; sourceTree = "<group>"; };
		84C1E2CC13D325F700E03A64 /* crittercism-btn-thumbs-up-pressed@2x.png */ = {isa = PBXFileReference; lastKnownFileType = image.png; path = "crittercism-btn-thumbs-up-pressed@2x.png"; sourceTree = "<group>"; };
		84C1E2CD13D325F700E03A64 /* crittercism-btn-thumbs-up-voted.png */ = {isa = PBXFileReference; lastKnownFileType = image.png; path = "crittercism-btn-thumbs-up-voted.png"; sourceTree = "<group>"; };
		84C1E2CE13D325F700E03A64 /* crittercism-btn-thumbs-up.png */ = {isa = PBXFileReference; lastKnownFileType = image.png; path = "crittercism-btn-thumbs-up.png"; sourceTree = "<group>"; };
		84C1E2CF13D325F700E03A64 /* crittercism-btn-thumbs-up@2x.png */ = {isa = PBXFileReference; lastKnownFileType = image.png; path = "crittercism-btn-thumbs-up@2x.png"; sourceTree = "<group>"; };
		84C1E2D013D325F700E03A64 /* crittercism-bug.png */ = {isa = PBXFileReference; lastKnownFileType = image.png; path = "crittercism-bug.png"; sourceTree = "<group>"; };
		84C1E2D113D325F700E03A64 /* crittercism-checkbox-checked.png */ = {isa = PBXFileReference; lastKnownFileType = image.png; path = "crittercism-checkbox-checked.png"; sourceTree = "<group>"; };
		84C1E2D213D325F700E03A64 /* crittercism-checkbox-unchecked.png */ = {isa = PBXFileReference; lastKnownFileType = image.png; path = "crittercism-checkbox-unchecked.png"; sourceTree = "<group>"; };
		84C1E2D313D325F700E03A64 /* crittercism-dev-profile-halfsize.png */ = {isa = PBXFileReference; lastKnownFileType = image.png; path = "crittercism-dev-profile-halfsize.png"; sourceTree = "<group>"; };
		84C1E2D413D325F700E03A64 /* crittercism-dev-profile-halfsize@2x.png */ = {isa = PBXFileReference; lastKnownFileType = image.png; path = "crittercism-dev-profile-halfsize@2x.png"; sourceTree = "<group>"; };
		84C1E2D513D325F700E03A64 /* crittercism-feedback-forum-bg-gradient.png */ = {isa = PBXFileReference; lastKnownFileType = image.png; path = "crittercism-feedback-forum-bg-gradient.png"; sourceTree = "<group>"; };
		84C1E2D613D325F700E03A64 /* crittercism-gray.png */ = {isa = PBXFileReference; lastKnownFileType = image.png; path = "crittercism-gray.png"; sourceTree = "<group>"; };
		84C1E2D713D325F700E03A64 /* crittercism-green.png */ = {isa = PBXFileReference; lastKnownFileType = image.png; path = "crittercism-green.png"; sourceTree = "<group>"; };
		84C1E2D813D325F700E03A64 /* crittercism-hamster-ftw.png */ = {isa = PBXFileReference; lastKnownFileType = image.png; path = "crittercism-hamster-ftw.png"; sourceTree = "<group>"; };
		84C1E2D913D325F700E03A64 /* crittercism-hamster-twitter.png */ = {isa = PBXFileReference; lastKnownFileType = image.png; path = "crittercism-hamster-twitter.png"; sourceTree = "<group>"; };
		84C1E2DA13D325F700E03A64 /* crittercism-hamster.png */ = {isa = PBXFileReference; lastKnownFileType = image.png; path = "crittercism-hamster.png"; sourceTree = "<group>"; };
		84C1E2DB13D325F700E03A64 /* crittercism-icon-cat-idea.png */ = {isa = PBXFileReference; lastKnownFileType = image.png; path = "crittercism-icon-cat-idea.png"; sourceTree = "<group>"; };
		84C1E2DC13D325F700E03A64 /* crittercism-icon-cat-idea@2x.png */ = {isa = PBXFileReference; lastKnownFileType = image.png; path = "crittercism-icon-cat-idea@2x.png"; sourceTree = "<group>"; };
		84C1E2DD13D325F700E03A64 /* crittercism-icon-cat-love.png */ = {isa = PBXFileReference; lastKnownFileType = image.png; path = "crittercism-icon-cat-love.png"; sourceTree = "<group>"; };
		84C1E2DE13D325F700E03A64 /* crittercism-icon-cat-love@2x.png */ = {isa = PBXFileReference; lastKnownFileType = image.png; path = "crittercism-icon-cat-love@2x.png"; sourceTree = "<group>"; };
		84C1E2DF13D325F700E03A64 /* crittercism-icon-cat-problem.png */ = {isa = PBXFileReference; lastKnownFileType = image.png; path = "crittercism-icon-cat-problem.png"; sourceTree = "<group>"; };
		84C1E2E013D325F700E03A64 /* crittercism-icon-cat-problem@2x.png */ = {isa = PBXFileReference; lastKnownFileType = image.png; path = "crittercism-icon-cat-problem@2x.png"; sourceTree = "<group>"; };
		84C1E2E113D325F700E03A64 /* crittercism-icon-cat-question.png */ = {isa = PBXFileReference; lastKnownFileType = image.png; path = "crittercism-icon-cat-question.png"; sourceTree = "<group>"; };
		84C1E2E213D325F700E03A64 /* crittercism-icon-cat-question@2x.png */ = {isa = PBXFileReference; lastKnownFileType = image.png; path = "crittercism-icon-cat-question@2x.png"; sourceTree = "<group>"; };
		84C1E2E313D325F700E03A64 /* crittercism-icon-tab-01.png */ = {isa = PBXFileReference; lastKnownFileType = image.png; path = "crittercism-icon-tab-01.png"; sourceTree = "<group>"; };
		84C1E2E413D325F700E03A64 /* crittercism-idea.png */ = {isa = PBXFileReference; lastKnownFileType = image.png; path = "crittercism-idea.png"; sourceTree = "<group>"; };
		84C1E2E513D325F700E03A64 /* crittercism-love.png */ = {isa = PBXFileReference; lastKnownFileType = image.png; path = "crittercism-love.png"; sourceTree = "<group>"; };
		84C1E2E613D325F700E03A64 /* crittercism-other.png */ = {isa = PBXFileReference; lastKnownFileType = image.png; path = "crittercism-other.png"; sourceTree = "<group>"; };
		84C1E2E713D325F700E03A64 /* crittercism-question.png */ = {isa = PBXFileReference; lastKnownFileType = image.png; path = "crittercism-question.png"; sourceTree = "<group>"; };
		84C1E2E813D325F700E03A64 /* crittercism-tab-icon@1x~iphone.png */ = {isa = PBXFileReference; lastKnownFileType = image.png; path = "crittercism-tab-icon@1x~iphone.png"; sourceTree = "<group>"; };
		84C1E2E913D325F700E03A64 /* crittercism-tab-icon@2x~ipad.png */ = {isa = PBXFileReference; lastKnownFileType = image.png; path = "crittercism-tab-icon@2x~ipad.png"; sourceTree = "<group>"; };
		84C1E2EA13D325F700E03A64 /* crittercism-title-bar.png */ = {isa = PBXFileReference; lastKnownFileType = image.png; path = "crittercism-title-bar.png"; sourceTree = "<group>"; };
		84C1E2EB13D325F700E03A64 /* crittercism-user-arrow-l.png */ = {isa = PBXFileReference; lastKnownFileType = image.png; path = "crittercism-user-arrow-l.png"; sourceTree = "<group>"; };
		84C1E2EC13D325F700E03A64 /* crittercism-user-arrow-l@2x.png */ = {isa = PBXFileReference; lastKnownFileType = image.png; path = "crittercism-user-arrow-l@2x.png"; sourceTree = "<group>"; };
		84C1E2ED13D325F700E03A64 /* crittercism-user-profile-halfsize.png */ = {isa = PBXFileReference; lastKnownFileType = image.png; path = "crittercism-user-profile-halfsize.png"; sourceTree = "<group>"; };
		84C1E2EE13D325F700E03A64 /* crittercism-user-profile.png */ = {isa = PBXFileReference; lastKnownFileType = image.png; path = "crittercism-user-profile.png"; sourceTree = "<group>"; };
		84C1E2EF13D325F700E03A64 /* crittercism-user-profile@2x.png */ = {isa = PBXFileReference; lastKnownFileType = image.png; path = "crittercism-user-profile@2x.png"; sourceTree = "<group>"; };
		84C1E2F013D325F700E03A64 /* crittercism-votesLeftButton.png */ = {isa = PBXFileReference; lastKnownFileType = image.png; path = "crittercism-votesLeftButton.png"; sourceTree = "<group>"; };
		84C1E2F113D325F700E03A64 /* crittercism_icon.png */ = {isa = PBXFileReference; lastKnownFileType = image.png; path = crittercism_icon.png; sourceTree = "<group>"; };
		84C1E2F313D325F700E03A64 /* CrittercismAboutViewController.xib */ = {isa = PBXFileReference; fileEncoding = 4; lastKnownFileType = file.xib; path = CrittercismAboutViewController.xib; sourceTree = "<group>"; };
		84C1E2F413D325F700E03A64 /* CrittercismAddCommentViewController.xib */ = {isa = PBXFileReference; fileEncoding = 4; lastKnownFileType = file.xib; path = CrittercismAddCommentViewController.xib; sourceTree = "<group>"; };
		84C1E2F513D325F700E03A64 /* CrittercismAddViewController.xib */ = {isa = PBXFileReference; fileEncoding = 4; lastKnownFileType = file.xib; path = CrittercismAddViewController.xib; sourceTree = "<group>"; };
		84C1E2F613D325F700E03A64 /* CrittercismCell.xib */ = {isa = PBXFileReference; fileEncoding = 4; lastKnownFileType = file.xib; path = CrittercismCell.xib; sourceTree = "<group>"; };
		84C1E2F713D325F700E03A64 /* CrittercismDescriptionViewController.xib */ = {isa = PBXFileReference; fileEncoding = 4; lastKnownFileType = file.xib; path = CrittercismDescriptionViewController.xib; sourceTree = "<group>"; };
		84C1E2F813D325F700E03A64 /* CrittercismRootViewController.xib */ = {isa = PBXFileReference; fileEncoding = 4; lastKnownFileType = file.xib; path = CrittercismRootViewController.xib; sourceTree = "<group>"; };
		84C1E2F913D325F700E03A64 /* CrittercismViewController.xib */ = {isa = PBXFileReference; fileEncoding = 4; lastKnownFileType = file.xib; path = CrittercismViewController.xib; sourceTree = "<group>"; };
/* End PBXFileReference section */

/* Begin PBXFrameworksBuildPhase section */
		81E3B16F13D20F8B00C4EB57 /* Frameworks */ = {
			isa = PBXFrameworksBuildPhase;
			buildActionMask = 2147483647;
			files = (
				81BA300F13D26B3400CA16A5 /* CoreLocation.framework in Frameworks */,
				81D564C313D2669400000984 /* QuartzCore.framework in Frameworks */,
				81D564C113D2668E00000984 /* SystemConfiguration.framework in Frameworks */,
				81E3B17713D20F8B00C4EB57 /* UIKit.framework in Frameworks */,
				81E3B17913D20F8B00C4EB57 /* Foundation.framework in Frameworks */,
				81E3B17B13D20F8B00C4EB57 /* CoreGraphics.framework in Frameworks */,
				8118E77913D3871C00664AEA /* Crittercism_v2_9_8.a in Frameworks */,
			);
			runOnlyForDeploymentPostprocessing = 0;
		};
/* End PBXFrameworksBuildPhase section */

/* Begin PBXGroup section */
		8114C39B13D2559300057981 /* Pants */ = {
			isa = PBXGroup;
			children = (
				8114C38F13D2558F00057981 /* pantsblue@2x.png */,
				8114C39013D2558F00057981 /* pantsgrey@2x.png */,
				8114C39113D2558F00057981 /* pantssweat@2x.png */,
			);
			name = Pants;
			sourceTree = "<group>";
		};
		81E3B16713D20F8B00C4EB57 = {
			isa = PBXGroup;
			children = (
				81E3B17C13D20F8B00C4EB57 /* ClotheMe */,
				81E3B17513D20F8B00C4EB57 /* Frameworks */,
				81E3B17313D20F8B00C4EB57 /* Products */,
			);
			sourceTree = "<group>";
		};
		81E3B17313D20F8B00C4EB57 /* Products */ = {
			isa = PBXGroup;
			children = (
				81E3B17213D20F8B00C4EB57 /* ClotheMe.app */,
			);
			name = Products;
			sourceTree = "<group>";
		};
		81E3B17513D20F8B00C4EB57 /* Frameworks */ = {
			isa = PBXGroup;
			children = (
				81D564C213D2669400000984 /* QuartzCore.framework */,
				81D564C013D2668E00000984 /* SystemConfiguration.framework */,
				81D564BE13D2668500000984 /* CoreLocation.framework */,
				81E3B17613D20F8B00C4EB57 /* UIKit.framework */,
				81E3B17813D20F8B00C4EB57 /* Foundation.framework */,
				81E3B17A13D20F8B00C4EB57 /* CoreGraphics.framework */,
			);
			name = Frameworks;
			sourceTree = "<group>";
		};
		81E3B17C13D20F8B00C4EB57 /* ClotheMe */ = {
			isa = PBXGroup;
			children = (
				81BB906513D724B200FAF0B4 /* PrivateInfo */,
				84C1E29913D325F700E03A64 /* CrittercismSDK */,
				81BB906A13D744D200FAF0B4 /* JSONLoader.h */,
				81BB906B13D744D300FAF0B4 /* JSONLoader.m */,
				810C11C313D8892D002250AD /* Ebay.h */,
				810C11C413D8892D002250AD /* Ebay.m */,
				81E3B18513D20F8B00C4EB57 /* ClotheMeAppDelegate.h */,
				81E3B18613D20F8B00C4EB57 /* ClotheMeAppDelegate.m */,
				81E3B18813D20F8B00C4EB57 /* ClotheMeViewController.h */,
				81E3B18A13D20F8B00C4EB57 /* ClotheMeViewController.m */,
				81E3B19413D2106500C4EB57 /* ShirtViewController.h */,
				81E3B19513D2106500C4EB57 /* ShirtViewController.m */,
				81E3B18C13D20F8B00C4EB57 /* ClotheMeViewController.xib */,
				81E3B17D13D20F8B00C4EB57 /* Supporting Files */,
			);
			path = ClotheMe;
			sourceTree = "<group>";
		};
		81E3B17D13D20F8B00C4EB57 /* Supporting Files */ = {
			isa = PBXGroup;
			children = (
				81AD2A1B13D3694B00FA5256 /* ebay@2x.png */,
				81D564AF13D25EF700000984 /* icon.png */,
				81D564B013D25EF700000984 /* icon@2x.png */,
				81D564B413D265D700000984 /* btn-crittercism.png */,
				81D564B713D265D700000984 /* btn-crittercism@2x.png */,
				81D564B513D265D700000984 /* btn-crittercism-pressed.png */,
				81D564B613D265D700000984 /* btn-crittercism-pressed@2x.png */,
				8114C39B13D2559300057981 /* Pants */,
				81E6624013D215C200BA521D /* Shirts */,
				81E3B17E13D20F8B00C4EB57 /* ClotheMe-Info.plist */,
				81E3B17F13D20F8B00C4EB57 /* InfoPlist.strings */,
				81E3B18213D20F8B00C4EB57 /* main.m */,
				81E3B18413D20F8B00C4EB57 /* ClotheMe-Prefix.pch */,
			);
			name = "Supporting Files";
			sourceTree = "<group>";
		};
		81E6624013D215C200BA521D /* Shirts */ = {
			isa = PBXGroup;
			children = (
				8114C39213D2558F00057981 /* shirtblack@2x.png */,
				8114C39313D2558F00057981 /* shirtred@2x.png */,
				8114C39413D2558F00057981 /* shirtyellow@2x.png */,
			);
			name = Shirts;
			sourceTree = "<group>";
		};
		84C1E29913D325F700E03A64 /* CrittercismSDK */ = {
			isa = PBXGroup;
			children = (
				8118E77813D3871C00664AEA /* Crittercism_v2_9_8.a */,
				84C1E29A13D325F700E03A64 /* Crittercism.h */,
				84C1E29C13D325F700E03A64 /* CrittercismAboutViewController.h */,
				84C1E29D13D325F700E03A64 /* CrittercismAddCommentViewController.h */,
				84C1E29E13D325F700E03A64 /* CrittercismAddViewController.h */,
				84C1E29F13D325F700E03A64 /* CrittercismDescriptionViewController.h */,
				84C1E2A013D325F700E03A64 /* CrittercismJSON */,
				84C1E2AA13D325F700E03A64 /* CrittercismNavigationView.h */,
				84C1E2AB13D325F700E03A64 /* CrittercismReachability.h */,
				84C1E2AC13D325F700E03A64 /* CrittercismRootViewController.h */,
				84C1E2AD13D325F700E03A64 /* CrittercismUIAlertPrompt.h */,
				84C1E2AE13D325F700E03A64 /* CrittercismViewController.h */,
				84C1E2AF13D325F700E03A64 /* Resources */,
			);
			path = CrittercismSDK;
			sourceTree = "<group>";
		};
		84C1E2A013D325F700E03A64 /* CrittercismJSON */ = {
			isa = PBXGroup;
			children = (
				84C1E2A113D325F700E03A64 /* CrittercismCDataScanner.h */,
				84C1E2A213D325F700E03A64 /* CrittercismCDataScanner_Extensions.h */,
				84C1E2A313D325F700E03A64 /* CrittercismCJSONDeserializer.h */,
				84C1E2A413D325F700E03A64 /* CrittercismCJSONScanner.h */,
				84C1E2A513D325F700E03A64 /* CrittercismCJSONSerializer.h */,
				84C1E2A613D325F700E03A64 /* CrittercismCSerializedJSONData.h */,
				84C1E2A713D325F700E03A64 /* CrittercismNSCharacterSet_Extensions.h */,
				84C1E2A813D325F700E03A64 /* CrittercismNSDictionary_JSONExtensions.h */,
				84C1E2A913D325F700E03A64 /* CrittercismNSScanner_Extensions.h */,
			);
			path = CrittercismJSON;
			sourceTree = "<group>";
		};
		84C1E2AF13D325F700E03A64 /* Resources */ = {
			isa = PBXGroup;
			children = (
				84C1E2B013D325F700E03A64 /* Images */,
				84C1E2F213D325F700E03A64 /* Nibs */,
			);
			path = Resources;
			sourceTree = "<group>";
		};
		84C1E2B013D325F700E03A64 /* Images */ = {
			isa = PBXGroup;
			children = (
				84C1E2B113D325F700E03A64 /* crittercism-arrow-l.png */,
				84C1E2B213D325F700E03A64 /* crittercism-arrow-l@2x.png */,
				84C1E2B313D325F700E03A64 /* crittercism-arrow-left-gray-border.png */,
				84C1E2B413D325F700E03A64 /* crittercism-arrow-left-no-border.png */,
				84C1E2B513D325F700E03A64 /* crittercism-arrow-left.png */,
				84C1E2B613D325F700E03A64 /* crittercism-arrow-let-no-border.png */,
				84C1E2B713D325F700E03A64 /* crittercism-arrow-r.png */,
				84C1E2B813D325F700E03A64 /* crittercism-arrow-r@2x.png */,
				84C1E2B913D325F700E03A64 /* crittercism-arrow-right-green-border.png */,
				84C1E2BA13D325F700E03A64 /* crittercism-arrow-right-no-border.png */,
				84C1E2BB13D325F700E03A64 /* crittercism-avatar-default.png */,
				84C1E2BC13D325F700E03A64 /* crittercism-avatar-us.png */,
				84C1E2BD13D325F700E03A64 /* crittercism-bg-00.png */,
				84C1E2BE13D325F700E03A64 /* crittercism-bg-categorize-as.png */,
				84C1E2BF13D325F700E03A64 /* crittercism-bg-edit-form.png */,
				84C1E2C013D325F700E03A64 /* crittercism-bg-edit-form@2x~iphone.png */,
				84C1E2C113D325F700E03A64 /* crittercism-bg-inactive-overlay.png */,
				84C1E2C213D325F700E03A64 /* crittercism-bg-reply-to.png */,
				84C1E2C313D325F700E03A64 /* crittercism-btn-add-comment-sel.png */,
				84C1E2C413D325F700E03A64 /* crittercism-btn-add-comment.png */,
				84C1E2C513D325F700E03A64 /* crittercism-btn-cancel.png */,
				84C1E2C613D325F700E03A64 /* crittercism-btn-close.png */,
				84C1E2C713D325F700E03A64 /* crittercism-btn-submit.png */,
				84C1E2C813D325F700E03A64 /* crittercism-btn-thumbs-dn-default.png */,
				84C1E2C913D325F700E03A64 /* crittercism-btn-thumbs-dn-voted.png */,
				84C1E2CA13D325F700E03A64 /* crittercism-btn-thumbs-up-default.png */,
				84C1E2CB13D325F700E03A64 /* crittercism-btn-thumbs-up-pressed.png */,
				84C1E2CC13D325F700E03A64 /* crittercism-btn-thumbs-up-pressed@2x.png */,
				84C1E2CD13D325F700E03A64 /* crittercism-btn-thumbs-up-voted.png */,
				84C1E2CE13D325F700E03A64 /* crittercism-btn-thumbs-up.png */,
				84C1E2CF13D325F700E03A64 /* crittercism-btn-thumbs-up@2x.png */,
				84C1E2D013D325F700E03A64 /* crittercism-bug.png */,
				84C1E2D113D325F700E03A64 /* crittercism-checkbox-checked.png */,
				84C1E2D213D325F700E03A64 /* crittercism-checkbox-unchecked.png */,
				84C1E2D313D325F700E03A64 /* crittercism-dev-profile-halfsize.png */,
				84C1E2D413D325F700E03A64 /* crittercism-dev-profile-halfsize@2x.png */,
				84C1E2D513D325F700E03A64 /* crittercism-feedback-forum-bg-gradient.png */,
				84C1E2D613D325F700E03A64 /* crittercism-gray.png */,
				84C1E2D713D325F700E03A64 /* crittercism-green.png */,
				84C1E2D813D325F700E03A64 /* crittercism-hamster-ftw.png */,
				84C1E2D913D325F700E03A64 /* crittercism-hamster-twitter.png */,
				84C1E2DA13D325F700E03A64 /* crittercism-hamster.png */,
				84C1E2DB13D325F700E03A64 /* crittercism-icon-cat-idea.png */,
				84C1E2DC13D325F700E03A64 /* crittercism-icon-cat-idea@2x.png */,
				84C1E2DD13D325F700E03A64 /* crittercism-icon-cat-love.png */,
				84C1E2DE13D325F700E03A64 /* crittercism-icon-cat-love@2x.png */,
				84C1E2DF13D325F700E03A64 /* crittercism-icon-cat-problem.png */,
				84C1E2E013D325F700E03A64 /* crittercism-icon-cat-problem@2x.png */,
				84C1E2E113D325F700E03A64 /* crittercism-icon-cat-question.png */,
				84C1E2E213D325F700E03A64 /* crittercism-icon-cat-question@2x.png */,
				84C1E2E313D325F700E03A64 /* crittercism-icon-tab-01.png */,
				84C1E2E413D325F700E03A64 /* crittercism-idea.png */,
				84C1E2E513D325F700E03A64 /* crittercism-love.png */,
				84C1E2E613D325F700E03A64 /* crittercism-other.png */,
				84C1E2E713D325F700E03A64 /* crittercism-question.png */,
				84C1E2E813D325F700E03A64 /* crittercism-tab-icon@1x~iphone.png */,
				84C1E2E913D325F700E03A64 /* crittercism-tab-icon@2x~ipad.png */,
				84C1E2EA13D325F700E03A64 /* crittercism-title-bar.png */,
				84C1E2EB13D325F700E03A64 /* crittercism-user-arrow-l.png */,
				84C1E2EC13D325F700E03A64 /* crittercism-user-arrow-l@2x.png */,
				84C1E2ED13D325F700E03A64 /* crittercism-user-profile-halfsize.png */,
				84C1E2EE13D325F700E03A64 /* crittercism-user-profile.png */,
				84C1E2EF13D325F700E03A64 /* crittercism-user-profile@2x.png */,
				84C1E2F013D325F700E03A64 /* crittercism-votesLeftButton.png */,
				84C1E2F113D325F700E03A64 /* crittercism_icon.png */,
			);
			path = Images;
			sourceTree = "<group>";
		};
		84C1E2F213D325F700E03A64 /* Nibs */ = {
			isa = PBXGroup;
			children = (
				84C1E2F313D325F700E03A64 /* CrittercismAboutViewController.xib */,
				84C1E2F413D325F700E03A64 /* CrittercismAddCommentViewController.xib */,
				84C1E2F513D325F700E03A64 /* CrittercismAddViewController.xib */,
				84C1E2F613D325F700E03A64 /* CrittercismCell.xib */,
				84C1E2F713D325F700E03A64 /* CrittercismDescriptionViewController.xib */,
				84C1E2F813D325F700E03A64 /* CrittercismRootViewController.xib */,
				84C1E2F913D325F700E03A64 /* CrittercismViewController.xib */,
			);
			path = Nibs;
			sourceTree = "<group>";
		};
/* End PBXGroup section */

/* Begin PBXNativeTarget section */
		81E3B17113D20F8B00C4EB57 /* ClotheMe */ = {
			isa = PBXNativeTarget;
			buildConfigurationList = 81E3B19113D20F8B00C4EB57 /* Build configuration list for PBXNativeTarget "ClotheMe" */;
			buildPhases = (
				81E3B16E13D20F8B00C4EB57 /* Sources */,
				81E3B16F13D20F8B00C4EB57 /* Frameworks */,
				81E3B17013D20F8B00C4EB57 /* Resources */,
			);
			buildRules = (
			);
			dependencies = (
			);
			name = ClotheMe;
			productName = ClotheMe;
			productReference = 81E3B17213D20F8B00C4EB57 /* ClotheMe.app */;
			productType = "com.apple.product-type.application";
		};
/* End PBXNativeTarget section */

/* Begin PBXProject section */
		81E3B16913D20F8B00C4EB57 /* Project object */ = {
			isa = PBXProject;
			buildConfigurationList = 81E3B16C13D20F8B00C4EB57 /* Build configuration list for PBXProject "ClotheMe" */;
			compatibilityVersion = "Xcode 3.2";
			developmentRegion = English;
			hasScannedForEncodings = 0;
			knownRegions = (
				en,
			);
			mainGroup = 81E3B16713D20F8B00C4EB57;
			productRefGroup = 81E3B17313D20F8B00C4EB57 /* Products */;
			projectDirPath = "";
			projectRoot = "";
			targets = (
				81E3B17113D20F8B00C4EB57 /* ClotheMe */,
			);
		};
/* End PBXProject section */

/* Begin PBXResourcesBuildPhase section */
		81E3B17013D20F8B00C4EB57 /* Resources */ = {
			isa = PBXResourcesBuildPhase;
			buildActionMask = 2147483647;
			files = (
				81E3B18113D20F8B00C4EB57 /* InfoPlist.strings in Resources */,
				81E3B18913D20F8B00C4EB57 /* ClotheMeViewController.h in Resources */,
				81E3B18E13D20F8B00C4EB57 /* ClotheMeViewController.xib in Resources */,
				8114C39513D2558F00057981 /* pantsblue@2x.png in Resources */,
				8114C39613D2558F00057981 /* pantsgrey@2x.png in Resources */,
				8114C39713D2558F00057981 /* pantssweat@2x.png in Resources */,
				8114C39813D2558F00057981 /* shirtblack@2x.png in Resources */,
				8114C39913D2558F00057981 /* shirtred@2x.png in Resources */,
				8114C39A13D2558F00057981 /* shirtyellow@2x.png in Resources */,
				81D564B113D25EF700000984 /* icon.png in Resources */,
				81D564B213D25EF700000984 /* icon@2x.png in Resources */,
				81D564B813D265D800000984 /* btn-crittercism.png in Resources */,
				81D564B913D265D800000984 /* btn-crittercism-pressed.png in Resources */,
				81D564BA13D265D800000984 /* btn-crittercism-pressed@2x.png in Resources */,
				81D564BB13D265D800000984 /* btn-crittercism@2x.png in Resources */,
				84C1E2FB13D325F700E03A64 /* crittercism-arrow-l.png in Resources */,
				84C1E2FC13D325F700E03A64 /* crittercism-arrow-l@2x.png in Resources */,
				84C1E2FD13D325F700E03A64 /* crittercism-arrow-left-gray-border.png in Resources */,
				84C1E2FE13D325F700E03A64 /* crittercism-arrow-left-no-border.png in Resources */,
				84C1E2FF13D325F700E03A64 /* crittercism-arrow-left.png in Resources */,
				84C1E30013D325F700E03A64 /* crittercism-arrow-let-no-border.png in Resources */,
				84C1E30113D325F700E03A64 /* crittercism-arrow-r.png in Resources */,
				84C1E30213D325F700E03A64 /* crittercism-arrow-r@2x.png in Resources */,
				84C1E30313D325F700E03A64 /* crittercism-arrow-right-green-border.png in Resources */,
				84C1E30413D325F700E03A64 /* crittercism-arrow-right-no-border.png in Resources */,
				84C1E30513D325F700E03A64 /* crittercism-avatar-default.png in Resources */,
				84C1E30613D325F700E03A64 /* crittercism-avatar-us.png in Resources */,
				84C1E30713D325F700E03A64 /* crittercism-bg-00.png in Resources */,
				84C1E30813D325F700E03A64 /* crittercism-bg-categorize-as.png in Resources */,
				84C1E30913D325F700E03A64 /* crittercism-bg-edit-form.png in Resources */,
				84C1E30A13D325F700E03A64 /* crittercism-bg-edit-form@2x~iphone.png in Resources */,
				84C1E30B13D325F700E03A64 /* crittercism-bg-inactive-overlay.png in Resources */,
				84C1E30C13D325F700E03A64 /* crittercism-bg-reply-to.png in Resources */,
				84C1E30D13D325F700E03A64 /* crittercism-btn-add-comment-sel.png in Resources */,
				84C1E30E13D325F700E03A64 /* crittercism-btn-add-comment.png in Resources */,
				84C1E30F13D325F700E03A64 /* crittercism-btn-cancel.png in Resources */,
				84C1E31013D325F700E03A64 /* crittercism-btn-close.png in Resources */,
				84C1E31113D325F700E03A64 /* crittercism-btn-submit.png in Resources */,
				84C1E31213D325F700E03A64 /* crittercism-btn-thumbs-dn-default.png in Resources */,
				84C1E31313D325F700E03A64 /* crittercism-btn-thumbs-dn-voted.png in Resources */,
				84C1E31413D325F700E03A64 /* crittercism-btn-thumbs-up-default.png in Resources */,
				84C1E31513D325F700E03A64 /* crittercism-btn-thumbs-up-pressed.png in Resources */,
				84C1E31613D325F700E03A64 /* crittercism-btn-thumbs-up-pressed@2x.png in Resources */,
				84C1E31713D325F700E03A64 /* crittercism-btn-thumbs-up-voted.png in Resources */,
				84C1E31813D325F700E03A64 /* crittercism-btn-thumbs-up.png in Resources */,
				84C1E31913D325F700E03A64 /* crittercism-btn-thumbs-up@2x.png in Resources */,
				84C1E31A13D325F700E03A64 /* crittercism-bug.png in Resources */,
				84C1E31B13D325F700E03A64 /* crittercism-checkbox-checked.png in Resources */,
				84C1E31C13D325F700E03A64 /* crittercism-checkbox-unchecked.png in Resources */,
				84C1E31D13D325F700E03A64 /* crittercism-dev-profile-halfsize.png in Resources */,
				84C1E31E13D325F700E03A64 /* crittercism-dev-profile-halfsize@2x.png in Resources */,
				84C1E31F13D325F700E03A64 /* crittercism-feedback-forum-bg-gradient.png in Resources */,
				84C1E32013D325F700E03A64 /* crittercism-gray.png in Resources */,
				84C1E32113D325F700E03A64 /* crittercism-green.png in Resources */,
				84C1E32213D325F700E03A64 /* crittercism-hamster-ftw.png in Resources */,
				84C1E32313D325F700E03A64 /* crittercism-hamster-twitter.png in Resources */,
				84C1E32413D325F700E03A64 /* crittercism-hamster.png in Resources */,
				84C1E32513D325F700E03A64 /* crittercism-icon-cat-idea.png in Resources */,
				84C1E32613D325F700E03A64 /* crittercism-icon-cat-idea@2x.png in Resources */,
				84C1E32713D325F700E03A64 /* crittercism-icon-cat-love.png in Resources */,
				84C1E32813D325F700E03A64 /* crittercism-icon-cat-love@2x.png in Resources */,
				84C1E32913D325F700E03A64 /* crittercism-icon-cat-problem.png in Resources */,
				84C1E32A13D325F700E03A64 /* crittercism-icon-cat-problem@2x.png in Resources */,
				84C1E32B13D325F700E03A64 /* crittercism-icon-cat-question.png in Resources */,
				84C1E32C13D325F700E03A64 /* crittercism-icon-cat-question@2x.png in Resources */,
				84C1E32D13D325F700E03A64 /* crittercism-icon-tab-01.png in Resources */,
				84C1E32E13D325F700E03A64 /* crittercism-idea.png in Resources */,
				84C1E32F13D325F700E03A64 /* crittercism-love.png in Resources */,
				84C1E33013D325F700E03A64 /* crittercism-other.png in Resources */,
				84C1E33113D325F700E03A64 /* crittercism-question.png in Resources */,
				84C1E33213D325F700E03A64 /* crittercism-tab-icon@1x~iphone.png in Resources */,
				84C1E33313D325F700E03A64 /* crittercism-tab-icon@2x~ipad.png in Resources */,
				84C1E33413D325F700E03A64 /* crittercism-title-bar.png in Resources */,
				84C1E33513D325F700E03A64 /* crittercism-user-arrow-l.png in Resources */,
				84C1E33613D325F700E03A64 /* crittercism-user-arrow-l@2x.png in Resources */,
				84C1E33713D325F700E03A64 /* crittercism-user-profile-halfsize.png in Resources */,
				84C1E33813D325F700E03A64 /* crittercism-user-profile.png in Resources */,
				84C1E33913D325F700E03A64 /* crittercism-user-profile@2x.png in Resources */,
				84C1E33A13D325F700E03A64 /* crittercism-votesLeftButton.png in Resources */,
				84C1E33B13D325F700E03A64 /* crittercism_icon.png in Resources */,
				84C1E33C13D325F700E03A64 /* CrittercismAboutViewController.xib in Resources */,
				84C1E33D13D325F700E03A64 /* CrittercismAddCommentViewController.xib in Resources */,
				84C1E33E13D325F700E03A64 /* CrittercismAddViewController.xib in Resources */,
				84C1E33F13D325F700E03A64 /* CrittercismCell.xib in Resources */,
				84C1E34013D325F700E03A64 /* CrittercismDescriptionViewController.xib in Resources */,
				84C1E34113D325F700E03A64 /* CrittercismRootViewController.xib in Resources */,
				84C1E34213D325F700E03A64 /* CrittercismViewController.xib in Resources */,
				81AD2A1C13D3694B00FA5256 /* ebay@2x.png in Resources */,
				81BB906613D724B200FAF0B4 /* PrivateInfo in Resources */,
			);
			runOnlyForDeploymentPostprocessing = 0;
		};
/* End PBXResourcesBuildPhase section */

/* Begin PBXSourcesBuildPhase section */
		81E3B16E13D20F8B00C4EB57 /* Sources */ = {
			isa = PBXSourcesBuildPhase;
			buildActionMask = 2147483647;
			files = (
				81E3B18313D20F8B00C4EB57 /* main.m in Sources */,
				81E3B18713D20F8B00C4EB57 /* ClotheMeAppDelegate.m in Sources */,
				81E3B18B13D20F8B00C4EB57 /* ClotheMeViewController.m in Sources */,
				81E3B19613D2106500C4EB57 /* ShirtViewController.m in Sources */,
				81BB906C13D744D300FAF0B4 /* JSONLoader.m in Sources */,
				810C11C513D8892D002250AD /* Ebay.m in Sources */,
			);
			runOnlyForDeploymentPostprocessing = 0;
		};
/* End PBXSourcesBuildPhase section */

/* Begin PBXVariantGroup section */
		81E3B17F13D20F8B00C4EB57 /* InfoPlist.strings */ = {
			isa = PBXVariantGroup;
			children = (
				81E3B18013D20F8B00C4EB57 /* en */,
			);
			name = InfoPlist.strings;
			sourceTree = "<group>";
		};
		81E3B18C13D20F8B00C4EB57 /* ClotheMeViewController.xib */ = {
			isa = PBXVariantGroup;
			children = (
				81E3B18D13D20F8B00C4EB57 /* en */,
			);
			name = ClotheMeViewController.xib;
			sourceTree = "<group>";
		};
/* End PBXVariantGroup section */

/* Begin XCBuildConfiguration section */
		81E3B18F13D20F8B00C4EB57 /* Debug */ = {
			isa = XCBuildConfiguration;
			buildSettings = {
				ALWAYS_SEARCH_USER_PATHS = NO;
				ARCHS = "$(ARCHS_STANDARD_32_BIT)";
				CLANG_ENABLE_OBJC_ARC = YES;
				"CODE_SIGN_IDENTITY[sdk=iphoneos*]" = "iPhone Developer";
				COPY_PHASE_STRIP = NO;
				GCC_C_LANGUAGE_STANDARD = gnu99;
				GCC_DYNAMIC_NO_PIC = NO;
				GCC_OPTIMIZATION_LEVEL = 0;
				GCC_PREPROCESSOR_DEFINITIONS = (
					"DEBUG=1",
					"$(inherited)",
				);
				GCC_SYMBOLS_PRIVATE_EXTERN = NO;
				GCC_VERSION = com.apple.compilers.llvm.clang.1_0;
				GCC_WARN_ABOUT_MISSING_PROTOTYPES = YES;
				GCC_WARN_ABOUT_RETURN_TYPE = YES;
				GCC_WARN_UNUSED_VARIABLE = YES;
				IPHONEOS_DEPLOYMENT_TARGET = 4.3;
				SDKROOT = iphoneos;
			};
			name = Debug;
		};
		81E3B19013D20F8B00C4EB57 /* Release */ = {
			isa = XCBuildConfiguration;
			buildSettings = {
				ALWAYS_SEARCH_USER_PATHS = NO;
				ARCHS = "$(ARCHS_STANDARD_32_BIT)";
				CLANG_ENABLE_OBJC_ARC = YES;
				"CODE_SIGN_IDENTITY[sdk=iphoneos*]" = "iPhone Developer";
				COPY_PHASE_STRIP = YES;
				GCC_C_LANGUAGE_STANDARD = gnu99;
				GCC_VERSION = com.apple.compilers.llvm.clang.1_0;
				GCC_WARN_ABOUT_MISSING_PROTOTYPES = YES;
				GCC_WARN_ABOUT_RETURN_TYPE = YES;
				GCC_WARN_UNUSED_VARIABLE = YES;
				IPHONEOS_DEPLOYMENT_TARGET = 4.3;
				OTHER_CFLAGS = "-DNS_BLOCK_ASSERTIONS=1";
				SDKROOT = iphoneos;
				VALIDATE_PRODUCT = YES;
			};
			name = Release;
		};
		81E3B19213D20F8B00C4EB57 /* Debug */ = {
			isa = XCBuildConfiguration;
			buildSettings = {
				GCC_PRECOMPILE_PREFIX_HEADER = YES;
				GCC_PREFIX_HEADER = "ClotheMe/ClotheMe-Prefix.pch";
				INFOPLIST_FILE = "ClotheMe/ClotheMe-Info.plist";
				IPHONEOS_DEPLOYMENT_TARGET = 4.3;
				LIBRARY_SEARCH_PATHS = (
					"$(inherited)",
					"\"$(SRCROOT)/ClotheMe\"",
					"\"$(SRCROOT)/ClotheMe/CrittercismSDK\"",
				);
				PRODUCT_NAME = "$(TARGET_NAME)";
				WRAPPER_EXTENSION = app;
			};
			name = Debug;
		};
		81E3B19313D20F8B00C4EB57 /* Release */ = {
			isa = XCBuildConfiguration;
			buildSettings = {
				GCC_PRECOMPILE_PREFIX_HEADER = YES;
				GCC_PREFIX_HEADER = "ClotheMe/ClotheMe-Prefix.pch";
				INFOPLIST_FILE = "ClotheMe/ClotheMe-Info.plist";
				IPHONEOS_DEPLOYMENT_TARGET = 4.3;
				LIBRARY_SEARCH_PATHS = (
					"$(inherited)",
					"\"$(SRCROOT)/ClotheMe\"",
					"\"$(SRCROOT)/ClotheMe/CrittercismSDK\"",
				);
				PRODUCT_NAME = "$(TARGET_NAME)";
				WRAPPER_EXTENSION = app;
			};
			name = Release;
		};
/* End XCBuildConfiguration section */

/* Begin XCConfigurationList section */
		81E3B16C13D20F8B00C4EB57 /* Build configuration list for PBXProject "ClotheMe" */ = {
			isa = XCConfigurationList;
			buildConfigurations = (
				81E3B18F13D20F8B00C4EB57 /* Debug */,
				81E3B19013D20F8B00C4EB57 /* Release */,
			);
			defaultConfigurationIsVisible = 0;
			defaultConfigurationName = Release;
		};
		81E3B19113D20F8B00C4EB57 /* Build configuration list for PBXNativeTarget "ClotheMe" */ = {
			isa = XCConfigurationList;
			buildConfigurations = (
				81E3B19213D20F8B00C4EB57 /* Debug */,
				81E3B19313D20F8B00C4EB57 /* Release */,
			);
			defaultConfigurationIsVisible = 0;
			defaultConfigurationName = Release;
		};
/* End XCConfigurationList section */
	};
	rootObject = 81E3B16913D20F8B00C4EB57 /* Project object */;
}
